{
    "_meta": {
        "hash": {
            "sha256": "ea3f84623b654b17d8a10414833d00e4856eadfde03e23ab4b7a4410e8d25f0c"
        },
        "pipfile-spec": 6,
        "requires": {
            "python_version": "3.10"
        },
        "sources": [
            {
                "name": "pypi",
                "url": "https://pypi.org/simple",
                "verify_ssl": true
            }
        ]
    },
    "default": {
        "construct": {
            "hashes": [
                "sha256:4d2472f9684731e58cc9c56c463be63baa1447d674e0d66aeb5627b22f512c29",
                "sha256:c80be81ef595a1a821ec69dc16099550ed22197615f4320b57cc9ce2a672cb30"
            ],
            "index": "pypi",
            "markers": "python_version >= '3.6'",
            "version": "==2.10.70"
        },
        "nyxstone": {
            "hashes": [
                "sha256:91da0fd313ab107b98f88397573a76dbb7eb780f5da74f579052438f47543d88"
            ],
            "index": "pypi",
            "version": "==0.1.0"
        }
    },
    "develop": {}
}
